
Microsoft Visual Studio Solution File, Format Version 11.00
# Visual Studio 2010
Project("{FAE04EC0-301F-11D3-BF4B-00C04F79EFBC}") = "RPG", "RPG\RPG\RPG.csproj", "{91CF18DE-4172-4F81-A728-DDC409DDC4E1}"
EndProject
Project("{96E2B04D-8817-42C6-938A-82C39BA4D311}") = "RPGContent", "RPG\RPGContent\RPGContent.contentproj", "{196EFA03-361E-4F4A-8369-E91BD6C5BA2B}"
EndProject
Global
	GlobalSection(SolutionConfigurationPlatforms) = preSolution
		Debug|Windows Phone = Debug|Windows Phone
		Release|Windows Phone = Release|Windows Phone
	EndGlobalSection
	GlobalSection(ProjectConfigurationPlatforms) = postSolution
		{91CF18DE-4172-4F81-A728-DDC409DDC4E1}.Debug|Windows Phone.ActiveCfg = Debug|Windows Phone
		{91CF18DE-4172-4F81-A728-DDC409DDC4E1}.Debug|Windows Phone.Build.0 = Debug|Windows Phone
		{91CF18DE-4172-4F81-A728-DDC409DDC4E1}.Debug|Windows Phone.Deploy.0 = Debug|Windows Phone
		{91CF18DE-4172-4F81-A728-DDC409DDC4E1}.Release|Windows Phone.ActiveCfg = Release|Windows Phone
		{91CF18DE-4172-4F81-A728-DDC409DDC4E1}.Release|Windows Phone.Build.0 = Release|Windows Phone
		{91CF18DE-4172-4F81-A728-DDC409DDC4E1}.Release|Windows Phone.Deploy.0 = Release|Windows Phone
		{196EFA03-361E-4F4A-8369-E91BD6C5BA2B}.Debug|Windows Phone.ActiveCfg = Debug|Windows Phone
		{196EFA03-361E-4F4A-8369-E91BD6C5BA2B}.Release|Windows Phone.ActiveCfg = Release|Windows Phone
	EndGlobalSection
	GlobalSection(SolutionProperties) = preSolution
		HideSolutionNode = FALSE
	EndGlobalSection
EndGlobal
